
Microsoft Visual Studio Solution File, Format Version 12.00
# Visual Studio Version 17
VisualStudioVersion = 17.1.32319.34
MinimumVisualStudioVersion = 10.0.40219.1
Project("{9A19103F-16F7-4668-BE54-9A1E7A4F7556}") = "C485.DataverseClientProxy.Playground", "C485.DataverseClientProxy.Playground\C485.DataverseClientProxy.Playground.csproj", "{F0E39688-07D1-40A6-BEA2-499F632B13EC}"
EndProject
Project("{9A19103F-16F7-4668-BE54-9A1E7A4F7556}") = "C485.DataverseClientProxy", "C485.DataverseClientProxy\C485.DataverseClientProxy.csproj", "{094A8169-F875-41C3-BF91-A41FE906C0E6}"
EndProject
Project("{2150E333-8FDC-42A3-9474-1A3956D46DE8}") = "Solution Items", "Solution Items", "{2716E149-738C-46DB-B541-9A5A4CEF7812}"
	ProjectSection(SolutionItems) = preProject
		.editorconfig = .editorconfig
	EndProjectSection
EndProject
Global
	GlobalSection(SolutionConfigurationPlatforms) = preSolution
		Debug|Any CPU = Debug|Any CPU
		Release|Any CPU = Release|Any CPU
	EndGlobalSection
	GlobalSection(ProjectConfigurationPlatforms) = postSolution
		{F0E39688-07D1-40A6-BEA2-499F632B13EC}.Debug|Any CPU.ActiveCfg = Debug|Any CPU
		{F0E39688-07D1-40A6-BEA2-499F632B13EC}.Debug|Any CPU.Build.0 = Debug|Any CPU
		{F0E39688-07D1-40A6-BEA2-499F632B13EC}.Release|Any CPU.ActiveCfg = Release|Any CPU
		{F0E39688-07D1-40A6-BEA2-499F632B13EC}.Release|Any CPU.Build.0 = Release|Any CPU
		{094A8169-F875-41C3-BF91-A41FE906C0E6}.Debug|Any CPU.ActiveCfg = Debug|Any CPU
		{094A8169-F875-41C3-BF91-A41FE906C0E6}.Debug|Any CPU.Build.0 = Debug|Any CPU
		{094A8169-F875-41C3-BF91-A41FE906C0E6}.Release|Any CPU.ActiveCfg = Release|Any CPU
		{094A8169-F875-41C3-BF91-A41FE906C0E6}.Release|Any CPU.Build.0 = Release|Any CPU
	EndGlobalSection
	GlobalSection(SolutionProperties) = preSolution
		HideSolutionNode = FALSE
	EndGlobalSection
	GlobalSection(ExtensibilityGlobals) = postSolution
		SolutionGuid = {4F936046-F952-45AB-B8FE-C89E8B6D9B77}
	EndGlobalSection
EndGlobal
